
Microsoft Visual Studio Solution File, Format Version 12.00
# Visual Studio Version 17
VisualStudioVersion = 17.6.33723.286
MinimumVisualStudioVersion = 10.0.40219.1
Project("{FAE04EC0-301F-11D3-BF4B-00C04F79EFBC}") = "Glovo", "Glovo.csproj", "{23794E19-30CF-435C-BB21-05E3BE04FD2B}"
EndProject
Global
	GlobalSection(SolutionConfigurationPlatforms) = preSolution
		Debug|Any CPU = Debug|Any CPU
		Release|Any CPU = Release|Any CPU
	EndGlobalSection
	GlobalSection(ProjectConfigurationPlatforms) = postSolution
		{23794E19-30CF-435C-BB21-05E3BE04FD2B}.Debug|Any CPU.ActiveCfg = Debug|Any CPU
		{23794E19-30CF-435C-BB21-05E3BE04FD2B}.Debug|Any CPU.Build.0 = Debug|Any CPU
		{23794E19-30CF-435C-BB21-05E3BE04FD2B}.Release|Any CPU.ActiveCfg = Release|Any CPU
		{23794E19-30CF-435C-BB21-05E3BE04FD2B}.Release|Any CPU.Build.0 = Release|Any CPU
	EndGlobalSection
	GlobalSection(SolutionProperties) = preSolution
		HideSolutionNode = FALSE
	EndGlobalSection
	GlobalSection(ExtensibilityGlobals) = postSolution
		SolutionGuid = {312DBEE9-5F4B-4A5A-BDC5-C51B36D09B6F}
	EndGlobalSection
EndGlobal
